
Microsoft Visual Studio Solution File, Format Version 12.00
# Visual Studio 15
VisualStudioVersion = 15.0.27428.2037
MinimumVisualStudioVersion = 10.0.40219.1
Project("{9A19103F-16F7-4668-BE54-9A1E7A4F7556}") = "SearchUserAPI", "SearchUserAPI.csproj", "{77884B82-DE63-4DE0-8AE6-1FBC77E97D22}"
EndProject
Project("{FAE04EC0-301F-11D3-BF4B-00C04F79EFBC}") = "SearchUserAPI.UnitTests", "..\SearchUserAPI.UnitTests\SearchUserAPI.UnitTests.csproj", "{7C80ACDB-168B-4AAB-9EF6-39CF2FD0E9CA}"
EndProject
Global
	GlobalSection(SolutionConfigurationPlatforms) = preSolution
		Debug|Any CPU = Debug|Any CPU
		Release|Any CPU = Release|Any CPU
	EndGlobalSection
	GlobalSection(ProjectConfigurationPlatforms) = postSolution
		{77884B82-DE63-4DE0-8AE6-1FBC77E97D22}.Debug|Any CPU.ActiveCfg = Debug|Any CPU
		{77884B82-DE63-4DE0-8AE6-1FBC77E97D22}.Debug|Any CPU.Build.0 = Debug|Any CPU
		{77884B82-DE63-4DE0-8AE6-1FBC77E97D22}.Release|Any CPU.ActiveCfg = Release|Any CPU
		{77884B82-DE63-4DE0-8AE6-1FBC77E97D22}.Release|Any CPU.Build.0 = Release|Any CPU
		{7C80ACDB-168B-4AAB-9EF6-39CF2FD0E9CA}.Debug|Any CPU.ActiveCfg = Debug|Any CPU
		{7C80ACDB-168B-4AAB-9EF6-39CF2FD0E9CA}.Debug|Any CPU.Build.0 = Debug|Any CPU
		{7C80ACDB-168B-4AAB-9EF6-39CF2FD0E9CA}.Release|Any CPU.ActiveCfg = Release|Any CPU
		{7C80ACDB-168B-4AAB-9EF6-39CF2FD0E9CA}.Release|Any CPU.Build.0 = Release|Any CPU
	EndGlobalSection
	GlobalSection(SolutionProperties) = preSolution
		HideSolutionNode = FALSE
	EndGlobalSection
	GlobalSection(ExtensibilityGlobals) = postSolution
		SolutionGuid = {335CD753-6D60-4D6E-A934-02523E2A965C}
	EndGlobalSection
EndGlobal
